
Microsoft Visual Studio Solution File, Format Version 12.00
# Visual Studio Version 17
VisualStudioVersion = 17.3.32901.215
MinimumVisualStudioVersion = 10.0.40219.1
Project("{FAE04EC0-301F-11D3-BF4B-00C04F79EFBC}") = "serial_CD", "serial_CD\serial_CD.csproj", "{A9BF2600-F000-43E1-AD11-59973FF70B87}"
EndProject
Global
	GlobalSection(SolutionConfigurationPlatforms) = preSolution
		Debug|Any CPU = Debug|Any CPU
		Release|Any CPU = Release|Any CPU
	EndGlobalSection
	GlobalSection(ProjectConfigurationPlatforms) = postSolution
		{A9BF2600-F000-43E1-AD11-59973FF70B87}.Debug|Any CPU.ActiveCfg = Debug|Any CPU
		{A9BF2600-F000-43E1-AD11-59973FF70B87}.Debug|Any CPU.Build.0 = Debug|Any CPU
		{A9BF2600-F000-43E1-AD11-59973FF70B87}.Release|Any CPU.ActiveCfg = Release|Any CPU
		{A9BF2600-F000-43E1-AD11-59973FF70B87}.Release|Any CPU.Build.0 = Release|Any CPU
	EndGlobalSection
	GlobalSection(SolutionProperties) = preSolution
		HideSolutionNode = FALSE
	EndGlobalSection
	GlobalSection(ExtensibilityGlobals) = postSolution
		SolutionGuid = {ACDCDCE0-6ED2-40B2-9147-79A905734578}
	EndGlobalSection
EndGlobal
